
Microsoft Visual Studio Solution File, Format Version 12.00
# Visual Studio Version 17
VisualStudioVersion = 17.0.31903.59
MinimumVisualStudioVersion = 10.0.40219.1
Project("{2150E333-8FDC-42A3-9474-1A3956D46DE8}") = "backend", "backend", "{0A664B09-4F53-4496-8B28-13F5F15E5DC9}"
EndProject
Project("{2150E333-8FDC-42A3-9474-1A3956D46DE8}") = "src", "src", "{F238F363-07B3-42D2-A335-D4C0CDF22AC0}"
EndProject
Project("{FAE04EC0-301F-11D3-BF4B-00C04F79EFBC}") = "SurveyApi.Domain", "backend\src\SurveyApi.Domain\SurveyApi.Domain.csproj", "{1A5ED96E-74C5-4B73-866E-3DF8307FD841}"
EndProject
Project("{FAE04EC0-301F-11D3-BF4B-00C04F79EFBC}") = "SurveyApi.Application", "backend\src\SurveyApi.Application\SurveyApi.Application.csproj", "{77094AC6-AFCD-4E94-804B-3047B81EA150}"
EndProject
Project("{FAE04EC0-301F-11D3-BF4B-00C04F79EFBC}") = "SurveyApi.Infrastructure", "backend\src\SurveyApi.Infrastructure\SurveyApi.Infrastructure.csproj", "{7F7BF66B-0257-4425-9FBA-7D18A44ACBF4}"
EndProject
Project("{FAE04EC0-301F-11D3-BF4B-00C04F79EFBC}") = "SurveyApi.Web", "backend\src\SurveyApi.Web\SurveyApi.Web.csproj", "{DBF48552-A8E5-49D6-BF79-66486B7301B5}"
EndProject
Project("{2150E333-8FDC-42A3-9474-1A3956D46DE8}") = "tests", "tests", "{3BB52B2E-2892-4F47-B45E-9F386D01CC53}"
EndProject
Project("{FAE04EC0-301F-11D3-BF4B-00C04F79EFBC}") = "SurveyApi.UnitTests", "backend\tests\SurveyApi.UnitTests\SurveyApi.UnitTests.csproj", "{BBEA17CE-1B6A-427F-BC2C-86931DF78303}"
EndProject
Project("{FAE04EC0-301F-11D3-BF4B-00C04F79EFBC}") = "SurveyApi.IntegrationTests", "backend\tests\SurveyApi.IntegrationTests\SurveyApi.IntegrationTests.csproj", "{61A6FDD0-BE49-43B2-91D3-402D09FF11F1}"
EndProject
Global
	GlobalSection(SolutionConfigurationPlatforms) = preSolution
		Debug|Any CPU = Debug|Any CPU
		Release|Any CPU = Release|Any CPU
	EndGlobalSection
	GlobalSection(SolutionProperties) = preSolution
		HideSolutionNode = FALSE
	EndGlobalSection
	GlobalSection(ProjectConfigurationPlatforms) = postSolution
		{1A5ED96E-74C5-4B73-866E-3DF8307FD841}.Debug|Any CPU.ActiveCfg = Debug|Any CPU
		{1A5ED96E-74C5-4B73-866E-3DF8307FD841}.Debug|Any CPU.Build.0 = Debug|Any CPU
		{1A5ED96E-74C5-4B73-866E-3DF8307FD841}.Release|Any CPU.ActiveCfg = Release|Any CPU
		{1A5ED96E-74C5-4B73-866E-3DF8307FD841}.Release|Any CPU.Build.0 = Release|Any CPU
		{77094AC6-AFCD-4E94-804B-3047B81EA150}.Debug|Any CPU.ActiveCfg = Debug|Any CPU
		{77094AC6-AFCD-4E94-804B-3047B81EA150}.Debug|Any CPU.Build.0 = Debug|Any CPU
		{77094AC6-AFCD-4E94-804B-3047B81EA150}.Release|Any CPU.ActiveCfg = Release|Any CPU
		{77094AC6-AFCD-4E94-804B-3047B81EA150}.Release|Any CPU.Build.0 = Release|Any CPU
		{7F7BF66B-0257-4425-9FBA-7D18A44ACBF4}.Debug|Any CPU.ActiveCfg = Debug|Any CPU
		{7F7BF66B-0257-4425-9FBA-7D18A44ACBF4}.Debug|Any CPU.Build.0 = Debug|Any CPU
		{7F7BF66B-0257-4425-9FBA-7D18A44ACBF4}.Release|Any CPU.ActiveCfg = Release|Any CPU
		{7F7BF66B-0257-4425-9FBA-7D18A44ACBF4}.Release|Any CPU.Build.0 = Release|Any CPU
		{DBF48552-A8E5-49D6-BF79-66486B7301B5}.Debug|Any CPU.ActiveCfg = Debug|Any CPU
		{DBF48552-A8E5-49D6-BF79-66486B7301B5}.Debug|Any CPU.Build.0 = Debug|Any CPU
		{DBF48552-A8E5-49D6-BF79-66486B7301B5}.Release|Any CPU.ActiveCfg = Release|Any CPU
		{DBF48552-A8E5-49D6-BF79-66486B7301B5}.Release|Any CPU.Build.0 = Release|Any CPU
		{BBEA17CE-1B6A-427F-BC2C-86931DF78303}.Debug|Any CPU.ActiveCfg = Debug|Any CPU
		{BBEA17CE-1B6A-427F-BC2C-86931DF78303}.Debug|Any CPU.Build.0 = Debug|Any CPU
		{BBEA17CE-1B6A-427F-BC2C-86931DF78303}.Release|Any CPU.ActiveCfg = Release|Any CPU
		{BBEA17CE-1B6A-427F-BC2C-86931DF78303}.Release|Any CPU.Build.0 = Release|Any CPU
		{61A6FDD0-BE49-43B2-91D3-402D09FF11F1}.Debug|Any CPU.ActiveCfg = Debug|Any CPU
		{61A6FDD0-BE49-43B2-91D3-402D09FF11F1}.Debug|Any CPU.Build.0 = Debug|Any CPU
		{61A6FDD0-BE49-43B2-91D3-402D09FF11F1}.Release|Any CPU.ActiveCfg = Release|Any CPU
		{61A6FDD0-BE49-43B2-91D3-402D09FF11F1}.Release|Any CPU.Build.0 = Release|Any CPU
	EndGlobalSection
	GlobalSection(NestedProjects) = preSolution
		{F238F363-07B3-42D2-A335-D4C0CDF22AC0} = {0A664B09-4F53-4496-8B28-13F5F15E5DC9}
		{1A5ED96E-74C5-4B73-866E-3DF8307FD841} = {F238F363-07B3-42D2-A335-D4C0CDF22AC0}
		{77094AC6-AFCD-4E94-804B-3047B81EA150} = {F238F363-07B3-42D2-A335-D4C0CDF22AC0}
		{7F7BF66B-0257-4425-9FBA-7D18A44ACBF4} = {F238F363-07B3-42D2-A335-D4C0CDF22AC0}
		{DBF48552-A8E5-49D6-BF79-66486B7301B5} = {F238F363-07B3-42D2-A335-D4C0CDF22AC0}
		{3BB52B2E-2892-4F47-B45E-9F386D01CC53} = {0A664B09-4F53-4496-8B28-13F5F15E5DC9}
		{BBEA17CE-1B6A-427F-BC2C-86931DF78303} = {3BB52B2E-2892-4F47-B45E-9F386D01CC53}
		{61A6FDD0-BE49-43B2-91D3-402D09FF11F1} = {3BB52B2E-2892-4F47-B45E-9F386D01CC53}
	EndGlobalSection
EndGlobal
